{
  "name": "svgtojson",
  "version": "1.0.0",
  "lockfileVersion": 1,
  "requires": true,
  "dependencies": {
    "himalaya": {
      "version": "1.0.1",
      "resolved": "https://registry.npmjs.org/himalaya/-/himalaya-1.0.1.tgz",
      "integrity": "sha512-A/38a7859zdud8A1ihiu9sa8adL9owNJX3tvp+tafCicz5m4hKMBXasyp/IEiXI6cfNHHtNlirutY9fXtSywgw=="
    }
  }
}
